# THIS IS AN AUTOGENERATED FILE. DO NOT EDIT THIS FILE DIRECTLY.
# yarn lockfile v1


ansi-styles@^3.2.1:
  version "3.2.1"
  resolved "https://registry.yarnpkg.com/ansi-styles/-/ansi-styles-3.2.1.tgz#41fbb20243e50b12be0f04b8dedbf07520ce841d"
  dependencies:
    color-convert "^1.9.0"

array-find-index@^1.0.1:
  version "1.0.2"
  resolved "https://registry.yarnpkg.com/array-find-index/-/array-find-index-1.0.2.tgz#df010aa1287e164bbda6f9723b0a96a1ec4187a1"

arrify@^1.0.1:
  version "1.0.1"
  resolved "https://registry.yarnpkg.com/arrify/-/arrify-1.0.1.tgz#898508da2226f380df904728456849c1501a4b0d"

builtin-modules@^1.0.0:
  version "1.1.1"
  resolved "https://registry.yarnpkg.com/builtin-modules/-/builtin-modules-1.1.1.tgz#270f076c5a72c02f5b65a47df94c5fe3a278892f"

camelcase-keys@^4.0.0:
  version "4.2.0"
  resolved "https://registry.yarnpkg.com/camelcase-keys/-/camelcase-keys-4.2.0.tgz#a2aa5fb1af688758259c32c141426d78923b9b77"
  dependencies:
    camelcase "^4.1.0"
    map-obj "^2.0.0"
    quick-lru "^1.0.0"

camelcase@^4.1.0:
  version "4.1.0"
  resolved "https://registry.yarnpkg.com/camelcase/-/camelcase-4.1.0.tgz#d545635be1e33c542649c69173e5de6acfae34dd"

chalk@^2.4.0:
  version "2.4.0"
  resolved "https://registry.yarnpkg.com/chalk/-/chalk-2.4.0.tgz#a060a297a6b57e15b61ca63ce84995daa0fe6e52"
  dependencies:
    ansi-styles "^3.2.1"
    escape-string-regexp "^1.0.5"
    supports-color "^5.3.0"

color-convert@^1.9.0:
  version "1.9.1"
  resolved "https://registry.yarnpkg.com/color-convert/-/color-convert-1.9.1.tgz#c1261107aeb2f294ebffec9ed9ecad529a6097ed"
  dependencies:
    color-name "^1.1.1"

color-name@^1.1.1:
  version "1.1.3"
  resolved "https://registry.yarnpkg.com/color-name/-/color-name-1.1.3.tgz#a7d0558bd89c42f795dd42328f740831ca53bc25"

currently-unhandled@^0.4.1:
  version "0.4.1"
  resolved "https://registry.yarnpkg.com/currently-unhandled/-/currently-unhandled-0.4.1.tgz#988df33feab191ef799a61369dd76c17adf957ea"
  dependencies:
    array-find-index "^1.0.1"

decamelize-keys@^1.0.0:
  version "1.1.0"
  resolved "https://registry.yarnpkg.com/decamelize-keys/-/decamelize-keys-1.1.0.tgz#d171a87933252807eb3cb61dc1c1445d078df2d9"
  dependencies:
    decamelize "^1.1.0"
    map-obj "^1.0.0"

decamelize@^1.1.0:
  version "1.2.0"
  resolved "https://registry.yarnpkg.com/decamelize/-/decamelize-1.2.0.tgz#f6534d15148269b20352e7bee26f501f9a191290"

error-ex@^1.3.1:
  version "1.3.1"
  resolved "https://registry.yarnpkg.com/error-ex/-/error-ex-1.3.1.tgz#f855a86ce61adc4e8621c3cda21e7a7612c3a8dc"
  dependencies:
    is-arrayish "^0.2.1"

escape-string-regexp@^1.0.5:
  version "1.0.5"
  resolved "https://registry.yarnpkg.com/escape-string-regexp/-/escape-string-regexp-1.0.5.tgz#1b61c0562190a8dff6ae3bb2cf0200ca130b86d4"

find-up@^2.0.0:
  version "2.1.0"
  resolved "https://registry.yarnpkg.com/find-up/-/find-up-2.1.0.tgz#45d1b7e506c717ddd482775a2b77920a3c0c57a7"
  dependencies:
    locate-path "^2.0.0"

graceful-fs@^4.1.2:
  version "4.1.11"
  resolved "https://registry.yarnpkg.com/graceful-fs/-/graceful-fs-4.1.11.tgz#0e8bdfe4d1ddb8854d64e04ea7c00e2a026e5658"

has-flag@^3.0.0:
  version "3.0.0"
  resolved "https://registry.yarnpkg.com/has-flag/-/has-flag-3.0.0.tgz#b5d454dc2199ae225699f3467e5a07f3b955bafd"

hosted-git-info@^2.1.4:
  version "2.6.0"
  resolved "https://registry.yarnpkg.com/hosted-git-info/-/hosted-git-info-2.6.0.tgz#23235b29ab230c576aab0d4f13fc046b0b038222"

indent-string@^3.0.0:
  version "3.2.0"
  resolved "https://registry.yarnpkg.com/indent-string/-/indent-string-3.2.0.tgz#4a5fd6d27cc332f37e5419a504dbb837105c9289"

is-arrayish@^0.2.1:
  version "0.2.1"
  resolved "https://registry.yarnpkg.com/is-arrayish/-/is-arrayish-0.2.1.tgz#77c99840527aa8ecb1a8ba697b80645a7a926a9d"

is-builtin-module@^1.0.0:
  version "1.0.0"
  resolved "https://registry.yarnpkg.com/is-builtin-module/-/is-builtin-module-1.0.0.tgz#540572d34f7ac3119f8f76c30cbc1b1e037affbe"
  dependencies:
    builtin-modules "^1.0.0"

is-plain-obj@^1.1.0:
  version "1.1.0"
  resolved "https://registry.yarnpkg.com/is-plain-obj/-/is-plain-obj-1.1.0.tgz#71a50c8429dfca773c92a390a4a03b39fcd51d3e"

json-parse-better-errors@^1.0.1:
  version "1.0.2"
  resolved "https://registry.yarnpkg.com/json-parse-better-errors/-/json-parse-better-errors-1.0.2.tgz#bb867cfb3450e69107c131d1c514bab3dc8bcaa9"

load-json-file@^4.0.0:
  version "4.0.0"
  resolved "https://registry.yarnpkg.com/load-json-file/-/load-json-file-4.0.0.tgz#2f5f45ab91e33216234fd53adab668eb4ec0993b"
  dependencies:
    graceful-fs "^4.1.2"
    parse-json "^4.0.0"
    pify "^3.0.0"
    strip-bom "^3.0.0"

locate-path@^2.0.0:
  version "2.0.0"
  resolved "https://registry.yarnpkg.com/locate-path/-/locate-path-2.0.0.tgz#2b568b265eec944c6d9c0de9c3dbbbca0354cd8e"
  dependencies:
    p-locate "^2.0.0"
    path-exists "^3.0.0"

loud-rejection@^1.0.0:
  version "1.6.0"
  resolved "https://registry.yarnpkg.com/loud-rejection/-/loud-rejection-1.6.0.tgz#5b46f80147edee578870f086d04821cf998e551f"
  dependencies:
    currently-unhandled "^0.4.1"
    signal-exit "^3.0.0"

map-obj@^1.0.0:
  version "1.0.1"
  resolved "https://registry.yarnpkg.com/map-obj/-/map-obj-1.0.1.tgz#d933ceb9205d82bdcf4886f6742bdc2b4dea146d"

map-obj@^2.0.0:
  version "2.0.0"
  resolved "https://registry.yarnpkg.com/map-obj/-/map-obj-2.0.0.tgz#a65cd29087a92598b8791257a523e021222ac1f9"

meow@^4.0.0:
  version "4.0.0"
  resolved "https://registry.yarnpkg.com/meow/-/meow-4.0.0.tgz#fd5855dd008db5b92c552082db1c307cba20b29d"
  dependencies:
    camelcase-keys "^4.0.0"
    decamelize-keys "^1.0.0"
    loud-rejection "^1.0.0"
    minimist "^1.1.3"
    minimist-options "^3.0.1"
    normalize-package-data "^2.3.4"
    read-pkg-up "^3.0.0"
    redent "^2.0.0"
    trim-newlines "^2.0.0"

minimist-options@^3.0.1:
  version "3.0.2"
  resolved "https://registry.yarnpkg.com/minimist-options/-/minimist-options-3.0.2.tgz#fba4c8191339e13ecf4d61beb03f070103f3d954"
  dependencies:
    arrify "^1.0.1"
    is-plain-obj "^1.1.0"

minimist@^1.1.3:
  version "1.2.0"
  resolved "https://registry.yarnpkg.com/minimist/-/minimist-1.2.0.tgz#a35008b20f41383eec1fb914f4cd5df79a264284"

normalize-package-data@^2.3.2, normalize-package-data@^2.3.4:
  version "2.4.0"
  resolved "https://registry.yarnpkg.com/normalize-package-data/-/normalize-package-data-2.4.0.tgz#12f95a307d58352075a04907b84ac8be98ac012f"
  dependencies:
    hosted-git-info "^2.1.4"
    is-builtin-module "^1.0.0"
    semver "2 || 3 || 4 || 5"
    validate-npm-package-license "^3.0.1"

p-limit@^1.1.0:
  version "1.2.0"
  resolved "https://registry.yarnpkg.com/p-limit/-/p-limit-1.2.0.tgz#0e92b6bedcb59f022c13d0f1949dc82d15909f1c"
  dependencies:
    p-try "^1.0.0"

p-locate@^2.0.0:
  version "2.0.0"
  resolved "https://registry.yarnpkg.com/p-locate/-/p-locate-2.0.0.tgz#20a0103b222a70c8fd39cc2e580680f3dde5ec43"
  dependencies:
    p-limit "^1.1.0"

p-try@^1.0.0:
  version "1.0.0"
  resolved "https://registry.yarnpkg.com/p-try/-/p-try-1.0.0.tgz#cbc79cdbaf8fd4228e13f621f2b1a237c1b207b3"

parse-json@^4.0.0:
  version "4.0.0"
  resolved "https://registry.yarnpkg.com/parse-json/-/parse-json-4.0.0.tgz#be35f5425be1f7f6c747184f98a788cb99477ee0"
  dependencies:
    error-ex "^1.3.1"
    json-parse-better-errors "^1.0.1"

path-exists@^3.0.0:
  version "3.0.0"
  resolved "https://registry.yarnpkg.com/path-exists/-/path-exists-3.0.0.tgz#ce0ebeaa5f78cb18925ea7d810d7b59b010fd515"

path-type@^3.0.0:
  version "3.0.0"
  resolved "https://registry.yarnpkg.com/path-type/-/path-type-3.0.0.tgz#cef31dc8e0a1a3bb0d105c0cd97cf3bf47f4e36f"
  dependencies:
    pify "^3.0.0"

pify@^3.0.0:
  version "3.0.0"
  resolved "https://registry.yarnpkg.com/pify/-/pify-3.0.0.tgz#e5a4acd2c101fdf3d9a4d07f0dbc4db49dd28176"

quick-lru@^1.0.0:
  version "1.1.0"
  resolved "https://registry.yarnpkg.com/quick-lru/-/quick-lru-1.1.0.tgz#4360b17c61136ad38078397ff11416e186dcfbb8"

read-pkg-up@^3.0.0:
  version "3.0.0"
  resolved "https://registry.yarnpkg.com/read-pkg-up/-/read-pkg-up-3.0.0.tgz#3ed496685dba0f8fe118d0691dc51f4a1ff96f07"
  dependencies:
    find-up "^2.0.0"
    read-pkg "^3.0.0"

read-pkg@^3.0.0:
  version "3.0.0"
  resolved "https://registry.yarnpkg.com/read-pkg/-/read-pkg-3.0.0.tgz#9cbc686978fee65d16c00e2b19c237fcf6e38389"
  dependencies:
    load-json-file "^4.0.0"
    normalize-package-data "^2.3.2"
    path-type "^3.0.0"

redent@^2.0.0:
  version "2.0.0"
  resolved "https://registry.yarnpkg.com/redent/-/redent-2.0.0.tgz#c1b2007b42d57eb1389079b3c8333639d5e1ccaa"
  dependencies:
    indent-string "^3.0.0"
    strip-indent "^2.0.0"

"semver@2 || 3 || 4 || 5":
  version "5.5.0"
  resolved "https://registry.yarnpkg.com/semver/-/semver-5.5.0.tgz#dc4bbc7a6ca9d916dee5d43516f0092b58f7b8ab"

signal-exit@^3.0.0:
  version "3.0.2"
  resolved "https://registry.yarnpkg.com/signal-exit/-/signal-exit-3.0.2.tgz#b5fdc08f1287ea1178628e415e25132b73646c6d"

spdx-correct@^3.0.0:
  version "3.0.0"
  resolved "https://registry.yarnpkg.com/spdx-correct/-/spdx-correct-3.0.0.tgz#05a5b4d7153a195bc92c3c425b69f3b2a9524c82"
  dependencies:
    spdx-expression-parse "^3.0.0"
    spdx-license-ids "^3.0.0"

spdx-exceptions@^2.1.0:
  version "2.1.0"
  resolved "https://registry.yarnpkg.com/spdx-exceptions/-/spdx-exceptions-2.1.0.tgz#2c7ae61056c714a5b9b9b2b2af7d311ef5c78fe9"

spdx-expression-parse@^3.0.0:
  version "3.0.0"
  resolved "https://registry.yarnpkg.com/spdx-expression-parse/-/spdx-expression-parse-3.0.0.tgz#99e119b7a5da00e05491c9fa338b7904823b41d0"
  dependencies:
    spdx-exceptions "^2.1.0"
    spdx-license-ids "^3.0.0"

spdx-license-ids@^3.0.0:
  version "3.0.0"
  resolved "https://registry.yarnpkg.com/spdx-license-ids/-/spdx-license-ids-3.0.0.tgz#7a7cd28470cc6d3a1cfe6d66886f6bc430d3ac87"

strip-bom@^3.0.0:
  version "3.0.0"
  resolved "https://registry.yarnpkg.com/strip-bom/-/strip-bom-3.0.0.tgz#2334c18e9c759f7bdd56fdef7e9ae3d588e68ed3"

strip-indent@^2.0.0:
  version "2.0.0"
  resolved "https://registry.yarnpkg.com/strip-indent/-/strip-indent-2.0.0.tgz#5ef8db295d01e6ed6cbf7aab96998d7822527b68"

supports-color@^5.3.0:
  version "5.4.0"
  resolved "https://registry.yarnpkg.com/supports-color/-/supports-color-5.4.0.tgz#1c6b337402c2137605efe19f10fec390f6faab54"
  dependencies:
    has-flag "^3.0.0"

trim-newlines@^2.0.0:
  version "2.0.0"
  resolved "https://registry.yarnpkg.com/trim-newlines/-/trim-newlines-2.0.0.tgz#b403d0b91be50c331dfc4b82eeceb22c3de16d20"

validate-npm-package-license@^3.0.1:
  version "3.0.3"
  resolved "https://registry.yarnpkg.com/validate-npm-package-license/-/validate-npm-package-license-3.0.3.tgz#81643bcbef1bdfecd4623793dc4648948ba98338"
  dependencies:
    spdx-correct "^3.0.0"
    spdx-expression-parse "^3.0.0"
